
Microsoft Visual Studio Solution File, Format Version 12.00
# Visual Studio Version 16
VisualStudioVersion = 16.0.32106.194
MinimumVisualStudioVersion = 10.0.40219.1
Project("{9A19103F-16F7-4668-BE54-9A1E7A4F7556}") = "shoppingbasket", "shoppingBasket\Presentation.ConsoleApp\shoppingbasket.csproj", "{69476DA6-9583-46A5-ADB3-522E8F286B6F}"
EndProject
Project("{2150E333-8FDC-42A3-9474-1A3956D46DE8}") = "1-Presentation.ConsoleApp", "1-Presentation.ConsoleApp", "{34B18DF1-EB62-4563-AEBD-37A2B990471D}"
EndProject
Project("{2150E333-8FDC-42A3-9474-1A3956D46DE8}") = "2-Application.Services", "2-Application.Services", "{877FE68D-95A5-4BB3-B72A-2983407CDF47}"
EndProject
Project("{9A19103F-16F7-4668-BE54-9A1E7A4F7556}") = "Application.Services", "shoppingBasket\Application.Services\Application.Services\Application.Services.csproj", "{89A8CB89-F59C-4938-9353-C98CC7FCF62D}"
EndProject
Project("{2150E333-8FDC-42A3-9474-1A3956D46DE8}") = "3-Domain", "3-Domain", "{75263763-BE77-46F4-9AAA-AF1B517CA877}"
EndProject
Project("{FAE04EC0-301F-11D3-BF4B-00C04F79EFBC}") = "Domain.Model", "shoppingBasket\Domain\Domain.Model\Domain.Model.csproj", "{086C17AE-782D-45EE-BD10-D103EDE5DCC2}"
EndProject
Project("{2150E333-8FDC-42A3-9474-1A3956D46DE8}") = "4-Data", "4-Data", "{95A23E5C-3038-46FC-90E3-10AE8EFA80E3}"
EndProject
Project("{FAE04EC0-301F-11D3-BF4B-00C04F79EFBC}") = "Data.Repository", "shoppingBasket\Data\Data.Repository\Data.Repository.csproj", "{F5EEA0DC-F1EA-4339-952C-743FEC879B28}"
EndProject
Project("{2150E333-8FDC-42A3-9474-1A3956D46DE8}") = "Tests", "Tests", "{B5B0A448-1E77-4294-94A6-447EBE587972}"
EndProject
Project("{FAE04EC0-301F-11D3-BF4B-00C04F79EFBC}") = "Application.Services.Tests", "shoppingBasket\Application.Services\Application.Services.Tests\Application.Services.Tests.csproj", "{7E1FEEBA-5828-421B-8D98-4B18C0D40AA3}"
EndProject
Global
	GlobalSection(SolutionConfigurationPlatforms) = preSolution
		Debug|Any CPU = Debug|Any CPU
		Release|Any CPU = Release|Any CPU
	EndGlobalSection
	GlobalSection(ProjectConfigurationPlatforms) = postSolution
		{69476DA6-9583-46A5-ADB3-522E8F286B6F}.Debug|Any CPU.ActiveCfg = Debug|Any CPU
		{69476DA6-9583-46A5-ADB3-522E8F286B6F}.Debug|Any CPU.Build.0 = Debug|Any CPU
		{69476DA6-9583-46A5-ADB3-522E8F286B6F}.Release|Any CPU.ActiveCfg = Release|Any CPU
		{69476DA6-9583-46A5-ADB3-522E8F286B6F}.Release|Any CPU.Build.0 = Release|Any CPU
		{89A8CB89-F59C-4938-9353-C98CC7FCF62D}.Debug|Any CPU.ActiveCfg = Debug|Any CPU
		{89A8CB89-F59C-4938-9353-C98CC7FCF62D}.Debug|Any CPU.Build.0 = Debug|Any CPU
		{89A8CB89-F59C-4938-9353-C98CC7FCF62D}.Release|Any CPU.ActiveCfg = Release|Any CPU
		{89A8CB89-F59C-4938-9353-C98CC7FCF62D}.Release|Any CPU.Build.0 = Release|Any CPU
		{086C17AE-782D-45EE-BD10-D103EDE5DCC2}.Debug|Any CPU.ActiveCfg = Debug|Any CPU
		{086C17AE-782D-45EE-BD10-D103EDE5DCC2}.Debug|Any CPU.Build.0 = Debug|Any CPU
		{086C17AE-782D-45EE-BD10-D103EDE5DCC2}.Release|Any CPU.ActiveCfg = Release|Any CPU
		{086C17AE-782D-45EE-BD10-D103EDE5DCC2}.Release|Any CPU.Build.0 = Release|Any CPU
		{F5EEA0DC-F1EA-4339-952C-743FEC879B28}.Debug|Any CPU.ActiveCfg = Debug|Any CPU
		{F5EEA0DC-F1EA-4339-952C-743FEC879B28}.Debug|Any CPU.Build.0 = Debug|Any CPU
		{F5EEA0DC-F1EA-4339-952C-743FEC879B28}.Release|Any CPU.ActiveCfg = Release|Any CPU
		{F5EEA0DC-F1EA-4339-952C-743FEC879B28}.Release|Any CPU.Build.0 = Release|Any CPU
		{7E1FEEBA-5828-421B-8D98-4B18C0D40AA3}.Debug|Any CPU.ActiveCfg = Debug|Any CPU
		{7E1FEEBA-5828-421B-8D98-4B18C0D40AA3}.Debug|Any CPU.Build.0 = Debug|Any CPU
		{7E1FEEBA-5828-421B-8D98-4B18C0D40AA3}.Release|Any CPU.ActiveCfg = Release|Any CPU
		{7E1FEEBA-5828-421B-8D98-4B18C0D40AA3}.Release|Any CPU.Build.0 = Release|Any CPU
	EndGlobalSection
	GlobalSection(SolutionProperties) = preSolution
		HideSolutionNode = FALSE
	EndGlobalSection
	GlobalSection(NestedProjects) = preSolution
		{69476DA6-9583-46A5-ADB3-522E8F286B6F} = {34B18DF1-EB62-4563-AEBD-37A2B990471D}
		{89A8CB89-F59C-4938-9353-C98CC7FCF62D} = {877FE68D-95A5-4BB3-B72A-2983407CDF47}
		{086C17AE-782D-45EE-BD10-D103EDE5DCC2} = {75263763-BE77-46F4-9AAA-AF1B517CA877}
		{F5EEA0DC-F1EA-4339-952C-743FEC879B28} = {95A23E5C-3038-46FC-90E3-10AE8EFA80E3}
		{B5B0A448-1E77-4294-94A6-447EBE587972} = {877FE68D-95A5-4BB3-B72A-2983407CDF47}
		{7E1FEEBA-5828-421B-8D98-4B18C0D40AA3} = {B5B0A448-1E77-4294-94A6-447EBE587972}
	EndGlobalSection
	GlobalSection(ExtensibilityGlobals) = postSolution
		SolutionGuid = {F4ACA244-3795-42F9-ACBC-24D4E91074BC}
	EndGlobalSection
EndGlobal
